
Microsoft Visual Studio Solution File, Format Version 11.00
# Visual Studio 2010
Project("{FAE04EC0-301F-11D3-BF4B-00C04F79EFBC}") = "AwesomiumSharp", "AwesomiumSharp\AwesomiumSharp.csproj", "{1614289C-5F21-4934-9143-A47755D7C0A6}"
EndProject
Project("{FAE04EC0-301F-11D3-BF4B-00C04F79EFBC}") = "BasicSample", "BasicSample\BasicSample.csproj", "{761ED0C4-A191-47A0-ADA3-9047B8441EA2}"
EndProject
Project("{FAE04EC0-301F-11D3-BF4B-00C04F79EFBC}") = "AwesomiumMono", "AwesomiumMono\AwesomiumMono.csproj", "{85D4B964-855A-4075-BBA8-0B8B68E290FD}"
EndProject
Project("{FAE04EC0-301F-11D3-BF4B-00C04F79EFBC}") = "WinFormsSample", "WinFormsSample\WinFormsSample.csproj", "{233E6FAF-9130-45A8-A199-2DFFDC76EABD}"
EndProject
Project("{F184B08F-C81C-45F6-A57F-5ABD9991F28F}") = "VBWinFormsSample", "VBWinFormsSample\VBWinFormsSample.vbproj", "{8C5AEF37-F91E-48FB-9F67-41CA8D0A5406}"
EndProject
Project("{F184B08F-C81C-45F6-A57F-5ABD9991F28F}") = "VBWPFSample", "VBWPFSample\VBWPFSample.vbproj", "{A97661EF-D5C9-436F-A86F-8BEC6DBCC122}"
EndProject
Project("{FAE04EC0-301F-11D3-BF4B-00C04F79EFBC}") = "TabbedWPFSample", "TabbedWPFSample\TabbedWPFSample.csproj", "{F6B81B2F-B11F-4F7F-8446-16E277E3F1BB}"
EndProject
Project("{2150E333-8FDC-42A3-9474-1A3956D46DE8}") = "Solution Items", "Solution Items", "{BB5E75C9-6786-4322-A5E3-66873D55B98C}"
	ProjectSection(SolutionItems) = preProject
		AwesomiumSharpDocs.chm = AwesomiumSharpDocs.chm
	EndProjectSection
EndProject
Global
	GlobalSection(SolutionConfigurationPlatforms) = preSolution
		Debug|Any CPU = Debug|Any CPU
		Debug|Mixed Platforms = Debug|Mixed Platforms
		Debug|x86 = Debug|x86
		Release|Any CPU = Release|Any CPU
		Release|Mixed Platforms = Release|Mixed Platforms
		Release|x86 = Release|x86
	EndGlobalSection
	GlobalSection(ProjectConfigurationPlatforms) = postSolution
		{1614289C-5F21-4934-9143-A47755D7C0A6}.Debug|Any CPU.ActiveCfg = Debug|Any CPU
		{1614289C-5F21-4934-9143-A47755D7C0A6}.Debug|Any CPU.Build.0 = Debug|Any CPU
		{1614289C-5F21-4934-9143-A47755D7C0A6}.Debug|Mixed Platforms.ActiveCfg = Debug|Any CPU
		{1614289C-5F21-4934-9143-A47755D7C0A6}.Debug|Mixed Platforms.Build.0 = Debug|Any CPU
		{1614289C-5F21-4934-9143-A47755D7C0A6}.Debug|x86.ActiveCfg = Debug|Any CPU
		{1614289C-5F21-4934-9143-A47755D7C0A6}.Release|Any CPU.ActiveCfg = Release|Any CPU
		{1614289C-5F21-4934-9143-A47755D7C0A6}.Release|Any CPU.Build.0 = Release|Any CPU
		{1614289C-5F21-4934-9143-A47755D7C0A6}.Release|Mixed Platforms.ActiveCfg = Release|Any CPU
		{1614289C-5F21-4934-9143-A47755D7C0A6}.Release|Mixed Platforms.Build.0 = Release|Any CPU
		{1614289C-5F21-4934-9143-A47755D7C0A6}.Release|x86.ActiveCfg = Release|Any CPU
		{761ED0C4-A191-47A0-ADA3-9047B8441EA2}.Debug|Any CPU.ActiveCfg = Debug|x86
		{761ED0C4-A191-47A0-ADA3-9047B8441EA2}.Debug|Mixed Platforms.ActiveCfg = Debug|x86
		{761ED0C4-A191-47A0-ADA3-9047B8441EA2}.Debug|Mixed Platforms.Build.0 = Debug|x86
		{761ED0C4-A191-47A0-ADA3-9047B8441EA2}.Debug|x86.ActiveCfg = Debug|x86
		{761ED0C4-A191-47A0-ADA3-9047B8441EA2}.Debug|x86.Build.0 = Debug|x86
		{761ED0C4-A191-47A0-ADA3-9047B8441EA2}.Release|Any CPU.ActiveCfg = Release|x86
		{761ED0C4-A191-47A0-ADA3-9047B8441EA2}.Release|Mixed Platforms.ActiveCfg = Release|x86
		{761ED0C4-A191-47A0-ADA3-9047B8441EA2}.Release|Mixed Platforms.Build.0 = Release|x86
		{761ED0C4-A191-47A0-ADA3-9047B8441EA2}.Release|x86.ActiveCfg = Release|x86
		{761ED0C4-A191-47A0-ADA3-9047B8441EA2}.Release|x86.Build.0 = Release|x86
		{85D4B964-855A-4075-BBA8-0B8B68E290FD}.Debug|Any CPU.ActiveCfg = Debug|Any CPU
		{85D4B964-855A-4075-BBA8-0B8B68E290FD}.Debug|Any CPU.Build.0 = Debug|Any CPU
		{85D4B964-855A-4075-BBA8-0B8B68E290FD}.Debug|Mixed Platforms.ActiveCfg = Debug|Any CPU
		{85D4B964-855A-4075-BBA8-0B8B68E290FD}.Debug|Mixed Platforms.Build.0 = Debug|Any CPU
		{85D4B964-855A-4075-BBA8-0B8B68E290FD}.Debug|x86.ActiveCfg = Debug|Any CPU
		{85D4B964-855A-4075-BBA8-0B8B68E290FD}.Release|Any CPU.ActiveCfg = Release|Any CPU
		{85D4B964-855A-4075-BBA8-0B8B68E290FD}.Release|Any CPU.Build.0 = Release|Any CPU
		{85D4B964-855A-4075-BBA8-0B8B68E290FD}.Release|Mixed Platforms.ActiveCfg = Release|Any CPU
		{85D4B964-855A-4075-BBA8-0B8B68E290FD}.Release|Mixed Platforms.Build.0 = Release|Any CPU
		{85D4B964-855A-4075-BBA8-0B8B68E290FD}.Release|x86.ActiveCfg = Release|Any CPU
		{233E6FAF-9130-45A8-A199-2DFFDC76EABD}.Debug|Any CPU.ActiveCfg = Debug|x86
		{233E6FAF-9130-45A8-A199-2DFFDC76EABD}.Debug|Mixed Platforms.ActiveCfg = Debug|x86
		{233E6FAF-9130-45A8-A199-2DFFDC76EABD}.Debug|Mixed Platforms.Build.0 = Debug|x86
		{233E6FAF-9130-45A8-A199-2DFFDC76EABD}.Debug|x86.ActiveCfg = Debug|x86
		{233E6FAF-9130-45A8-A199-2DFFDC76EABD}.Debug|x86.Build.0 = Debug|x86
		{233E6FAF-9130-45A8-A199-2DFFDC76EABD}.Release|Any CPU.ActiveCfg = Release|x86
		{233E6FAF-9130-45A8-A199-2DFFDC76EABD}.Release|Mixed Platforms.ActiveCfg = Release|x86
		{233E6FAF-9130-45A8-A199-2DFFDC76EABD}.Release|Mixed Platforms.Build.0 = Release|x86
		{233E6FAF-9130-45A8-A199-2DFFDC76EABD}.Release|x86.ActiveCfg = Release|x86
		{233E6FAF-9130-45A8-A199-2DFFDC76EABD}.Release|x86.Build.0 = Release|x86
		{8C5AEF37-F91E-48FB-9F67-41CA8D0A5406}.Debug|Any CPU.ActiveCfg = Debug|x86
		{8C5AEF37-F91E-48FB-9F67-41CA8D0A5406}.Debug|Mixed Platforms.ActiveCfg = Debug|x86
		{8C5AEF37-F91E-48FB-9F67-41CA8D0A5406}.Debug|Mixed Platforms.Build.0 = Debug|x86
		{8C5AEF37-F91E-48FB-9F67-41CA8D0A5406}.Debug|x86.ActiveCfg = Debug|x86
		{8C5AEF37-F91E-48FB-9F67-41CA8D0A5406}.Debug|x86.Build.0 = Debug|x86
		{8C5AEF37-F91E-48FB-9F67-41CA8D0A5406}.Release|Any CPU.ActiveCfg = Release|x86
		{8C5AEF37-F91E-48FB-9F67-41CA8D0A5406}.Release|Mixed Platforms.ActiveCfg = Release|x86
		{8C5AEF37-F91E-48FB-9F67-41CA8D0A5406}.Release|Mixed Platforms.Build.0 = Release|x86
		{8C5AEF37-F91E-48FB-9F67-41CA8D0A5406}.Release|x86.ActiveCfg = Release|x86
		{8C5AEF37-F91E-48FB-9F67-41CA8D0A5406}.Release|x86.Build.0 = Release|x86
		{A97661EF-D5C9-436F-A86F-8BEC6DBCC122}.Debug|Any CPU.ActiveCfg = Debug|x86
		{A97661EF-D5C9-436F-A86F-8BEC6DBCC122}.Debug|Mixed Platforms.ActiveCfg = Debug|x86
		{A97661EF-D5C9-436F-A86F-8BEC6DBCC122}.Debug|Mixed Platforms.Build.0 = Debug|x86
		{A97661EF-D5C9-436F-A86F-8BEC6DBCC122}.Debug|x86.ActiveCfg = Debug|x86
		{A97661EF-D5C9-436F-A86F-8BEC6DBCC122}.Debug|x86.Build.0 = Debug|x86
		{A97661EF-D5C9-436F-A86F-8BEC6DBCC122}.Release|Any CPU.ActiveCfg = Release|x86
		{A97661EF-D5C9-436F-A86F-8BEC6DBCC122}.Release|Mixed Platforms.ActiveCfg = Release|x86
		{A97661EF-D5C9-436F-A86F-8BEC6DBCC122}.Release|Mixed Platforms.Build.0 = Release|x86
		{A97661EF-D5C9-436F-A86F-8BEC6DBCC122}.Release|x86.ActiveCfg = Release|x86
		{A97661EF-D5C9-436F-A86F-8BEC6DBCC122}.Release|x86.Build.0 = Release|x86
		{F6B81B2F-B11F-4F7F-8446-16E277E3F1BB}.Debug|Any CPU.ActiveCfg = Debug|x86
		{F6B81B2F-B11F-4F7F-8446-16E277E3F1BB}.Debug|Mixed Platforms.ActiveCfg = Debug|x86
		{F6B81B2F-B11F-4F7F-8446-16E277E3F1BB}.Debug|Mixed Platforms.Build.0 = Debug|x86
		{F6B81B2F-B11F-4F7F-8446-16E277E3F1BB}.Debug|x86.ActiveCfg = Debug|x86
		{F6B81B2F-B11F-4F7F-8446-16E277E3F1BB}.Debug|x86.Build.0 = Debug|x86
		{F6B81B2F-B11F-4F7F-8446-16E277E3F1BB}.Release|Any CPU.ActiveCfg = Release|x86
		{F6B81B2F-B11F-4F7F-8446-16E277E3F1BB}.Release|Mixed Platforms.ActiveCfg = Release|x86
		{F6B81B2F-B11F-4F7F-8446-16E277E3F1BB}.Release|Mixed Platforms.Build.0 = Release|x86
		{F6B81B2F-B11F-4F7F-8446-16E277E3F1BB}.Release|x86.ActiveCfg = Release|x86
		{F6B81B2F-B11F-4F7F-8446-16E277E3F1BB}.Release|x86.Build.0 = Release|x86
	EndGlobalSection
	GlobalSection(SolutionProperties) = preSolution
		HideSolutionNode = FALSE
	EndGlobalSection
EndGlobal
