
Microsoft Visual Studio Solution File, Format Version 11.00
# Visual Studio 2010
Project("{FAE04EC0-301F-11D3-BF4B-00C04F79EFBC}") = "AwesomiumSharp", "AwesomiumSharp\AwesomiumSharp.csproj", "{1614289C-5F21-4934-9143-A47755D7C0A6}"
EndProject
Project("{FAE04EC0-301F-11D3-BF4B-00C04F79EFBC}") = "TabbedBrowserSample", "TabbedBrowserSample\TabbedBrowserSample.csproj", "{B7C2EBAC-23D5-490B-9749-6715DF2F0EC5}"
EndProject
Project("{FAE04EC0-301F-11D3-BF4B-00C04F79EFBC}") = "BasicSample", "BasicSample\BasicSample.csproj", "{761ED0C4-A191-47A0-ADA3-9047B8441EA2}"
EndProject
Global
	GlobalSection(SolutionConfigurationPlatforms) = preSolution
		Debug|Any CPU = Debug|Any CPU
		Debug|Mixed Platforms = Debug|Mixed Platforms
		Debug|x86 = Debug|x86
		Release|Any CPU = Release|Any CPU
		Release|Mixed Platforms = Release|Mixed Platforms
		Release|x86 = Release|x86
	EndGlobalSection
	GlobalSection(ProjectConfigurationPlatforms) = postSolution
		{1614289C-5F21-4934-9143-A47755D7C0A6}.Debug|Any CPU.ActiveCfg = Debug|Any CPU
		{1614289C-5F21-4934-9143-A47755D7C0A6}.Debug|Any CPU.Build.0 = Debug|Any CPU
		{1614289C-5F21-4934-9143-A47755D7C0A6}.Debug|Mixed Platforms.ActiveCfg = Debug|Any CPU
		{1614289C-5F21-4934-9143-A47755D7C0A6}.Debug|Mixed Platforms.Build.0 = Debug|Any CPU
		{1614289C-5F21-4934-9143-A47755D7C0A6}.Debug|x86.ActiveCfg = Debug|Any CPU
		{1614289C-5F21-4934-9143-A47755D7C0A6}.Release|Any CPU.ActiveCfg = Release|Any CPU
		{1614289C-5F21-4934-9143-A47755D7C0A6}.Release|Any CPU.Build.0 = Release|Any CPU
		{1614289C-5F21-4934-9143-A47755D7C0A6}.Release|Mixed Platforms.ActiveCfg = Release|Any CPU
		{1614289C-5F21-4934-9143-A47755D7C0A6}.Release|Mixed Platforms.Build.0 = Release|Any CPU
		{1614289C-5F21-4934-9143-A47755D7C0A6}.Release|x86.ActiveCfg = Release|Any CPU
		{B7C2EBAC-23D5-490B-9749-6715DF2F0EC5}.Debug|Any CPU.ActiveCfg = Debug|x86
		{B7C2EBAC-23D5-490B-9749-6715DF2F0EC5}.Debug|Mixed Platforms.ActiveCfg = Debug|x86
		{B7C2EBAC-23D5-490B-9749-6715DF2F0EC5}.Debug|Mixed Platforms.Build.0 = Debug|x86
		{B7C2EBAC-23D5-490B-9749-6715DF2F0EC5}.Debug|x86.ActiveCfg = Debug|x86
		{B7C2EBAC-23D5-490B-9749-6715DF2F0EC5}.Debug|x86.Build.0 = Debug|x86
		{B7C2EBAC-23D5-490B-9749-6715DF2F0EC5}.Release|Any CPU.ActiveCfg = Release|x86
		{B7C2EBAC-23D5-490B-9749-6715DF2F0EC5}.Release|Mixed Platforms.ActiveCfg = Release|x86
		{B7C2EBAC-23D5-490B-9749-6715DF2F0EC5}.Release|Mixed Platforms.Build.0 = Release|x86
		{B7C2EBAC-23D5-490B-9749-6715DF2F0EC5}.Release|x86.ActiveCfg = Release|x86
		{B7C2EBAC-23D5-490B-9749-6715DF2F0EC5}.Release|x86.Build.0 = Release|x86
		{761ED0C4-A191-47A0-ADA3-9047B8441EA2}.Debug|Any CPU.ActiveCfg = Debug|x86
		{761ED0C4-A191-47A0-ADA3-9047B8441EA2}.Debug|Mixed Platforms.ActiveCfg = Debug|x86
		{761ED0C4-A191-47A0-ADA3-9047B8441EA2}.Debug|Mixed Platforms.Build.0 = Debug|x86
		{761ED0C4-A191-47A0-ADA3-9047B8441EA2}.Debug|x86.ActiveCfg = Debug|x86
		{761ED0C4-A191-47A0-ADA3-9047B8441EA2}.Debug|x86.Build.0 = Debug|x86
		{761ED0C4-A191-47A0-ADA3-9047B8441EA2}.Release|Any CPU.ActiveCfg = Release|x86
		{761ED0C4-A191-47A0-ADA3-9047B8441EA2}.Release|Mixed Platforms.ActiveCfg = Release|x86
		{761ED0C4-A191-47A0-ADA3-9047B8441EA2}.Release|Mixed Platforms.Build.0 = Release|x86
		{761ED0C4-A191-47A0-ADA3-9047B8441EA2}.Release|x86.ActiveCfg = Release|x86
		{761ED0C4-A191-47A0-ADA3-9047B8441EA2}.Release|x86.Build.0 = Release|x86
	EndGlobalSection
	GlobalSection(SolutionProperties) = preSolution
		HideSolutionNode = FALSE
	EndGlobalSection
EndGlobal
